
Microsoft Visual Studio Solution File, Format Version 12.00
# Visual Studio Version 17
VisualStudioVersion = 17.7.34031.279
MinimumVisualStudioVersion = 10.0.40219.1
Project("{FAE04EC0-301F-11D3-BF4B-00C04F79EFBC}") = "Vertical_Slice_Architecture", "Vertical_Slice_Architecture\Vertical_Slice_Architecture.csproj", "{DCEE8B1B-1465-4C40-BCEF-3A484E882870}"
EndProject
Global
	GlobalSection(SolutionConfigurationPlatforms) = preSolution
		Debug|Any CPU = Debug|Any CPU
		Release|Any CPU = Release|Any CPU
	EndGlobalSection
	GlobalSection(ProjectConfigurationPlatforms) = postSolution
		{DCEE8B1B-1465-4C40-BCEF-3A484E882870}.Debug|Any CPU.ActiveCfg = Debug|Any CPU
		{DCEE8B1B-1465-4C40-BCEF-3A484E882870}.Debug|Any CPU.Build.0 = Debug|Any CPU
		{DCEE8B1B-1465-4C40-BCEF-3A484E882870}.Release|Any CPU.ActiveCfg = Release|Any CPU
		{DCEE8B1B-1465-4C40-BCEF-3A484E882870}.Release|Any CPU.Build.0 = Release|Any CPU
	EndGlobalSection
	GlobalSection(SolutionProperties) = preSolution
		HideSolutionNode = FALSE
	EndGlobalSection
	GlobalSection(ExtensibilityGlobals) = postSolution
		SolutionGuid = {6DD5D7EB-EEE5-487B-AC59-5340631B2C6D}
	EndGlobalSection
EndGlobal
